{
  "name": "copilot-swe-agent",
  "version": "1.0.0",
  "lockfileVersion": 3,
  "requires": true,
  "packages": {
    "": {
      "name": "copilot-swe-agent",
      "version": "1.0.0",
      "dependencies": {
        "undici": "^7.18.2"
      },
      "engines": {
        "node": ">=20.0.0"
      }
    },
    "node_modules/undici": {
      "version": "7.18.2",
      "resolved": "https://registry.npmjs.org/undici/-/undici-7.18.2.tgz",
      "integrity": "sha512-y+8YjDFzWdQlSE9N5nzKMT3g4a5UBX1HKowfdXh0uvAnTaqqwqB92Jt4UXBAeKekDs5IaDKyJFR4X1gYVCgXcw==",
      "license": "MIT",
      "engines": {
        "node": ">=20.18.1"
      }
    }
  }
}
